
Microsoft Visual Studio Solution File, Format Version 12.00
# Visual Studio Version 17
VisualStudioVersion = 17.14.36301.6
MinimumVisualStudioVersion = 10.0.40219.1
Project("{2150E333-8FDC-42A3-9474-1A3956D46DE8}") = "Frontend", "Frontend", "{02EA681E-C7D8-13C7-8484-4AC65E1B71E8}"
EndProject
Project("{2150E333-8FDC-42A3-9474-1A3956D46DE8}") = "Gateway", "Gateway", "{30053DB0-7F2E-49DF-A49E-A8F1CE3895D1}"
EndProject
Project("{2150E333-8FDC-42A3-9474-1A3956D46DE8}") = "Integration", "Integration", "{68B64630-7B30-4622-97BB-0B63F0D2215F}"
EndProject
Project("{2150E333-8FDC-42A3-9474-1A3956D46DE8}") = "Services", "Services", "{5D780757-96DF-4C56-9A53-671B51F77FE2}"
EndProject
Project("{FAE04EC0-301F-11D3-BF4B-00C04F79EFBC}") = "MicroShop.Services.CouponAPI", "MicroShop.Services.CouponAPI\MicroShop.Services.CouponAPI.csproj", "{DD7FF6B2-2E84-4A47-A709-14C0224E23CD}"
EndProject
Project("{FAE04EC0-301F-11D3-BF4B-00C04F79EFBC}") = "MircoShop.MessageBus", "MircoShop.MessageBus\MircoShop.MessageBus.csproj", "{5C292B5C-3254-48D1-B41F-BEFECD8069C5}"
EndProject
Project("{FAE04EC0-301F-11D3-BF4B-00C04F79EFBC}") = "MicroShop.Services.EmailAPI", "MicroShop.Services.EmailAPI\MicroShop.Services.EmailAPI.csproj", "{88FE2392-CF63-4BBA-8E3C-CEE0695119F8}"
EndProject
Project("{FAE04EC0-301F-11D3-BF4B-00C04F79EFBC}") = "MicroShop.Gateway.Ocelot", "MicroShop.Gateway.Ocelot\MicroShop.Gateway.Ocelot.csproj", "{08F9CD25-41D6-4566-9D93-B719AA792507}"
EndProject
Project("{FAE04EC0-301F-11D3-BF4B-00C04F79EFBC}") = "MicroShop.Services.AuthAPI", "MicroShop.Services.AuthAPI\MicroShop.Services.AuthAPI.csproj", "{F05CF9BB-94C2-82BA-2CBD-A1B5DE609B2D}"
EndProject
Project("{FAE04EC0-301F-11D3-BF4B-00C04F79EFBC}") = "WebApplication1", "WebApplication1\WebApplication1.csproj", "{6D81B4DA-FA81-4B71-8EC4-2D057D0F399C}"
EndProject
Global
	GlobalSection(SolutionConfigurationPlatforms) = preSolution
		Debug|Any CPU = Debug|Any CPU
		Release|Any CPU = Release|Any CPU
	EndGlobalSection
	GlobalSection(ProjectConfigurationPlatforms) = postSolution
		{DD7FF6B2-2E84-4A47-A709-14C0224E23CD}.Debug|Any CPU.ActiveCfg = Debug|Any CPU
		{DD7FF6B2-2E84-4A47-A709-14C0224E23CD}.Debug|Any CPU.Build.0 = Debug|Any CPU
		{DD7FF6B2-2E84-4A47-A709-14C0224E23CD}.Release|Any CPU.ActiveCfg = Release|Any CPU
		{DD7FF6B2-2E84-4A47-A709-14C0224E23CD}.Release|Any CPU.Build.0 = Release|Any CPU
		{5C292B5C-3254-48D1-B41F-BEFECD8069C5}.Debug|Any CPU.ActiveCfg = Debug|Any CPU
		{5C292B5C-3254-48D1-B41F-BEFECD8069C5}.Debug|Any CPU.Build.0 = Debug|Any CPU
		{5C292B5C-3254-48D1-B41F-BEFECD8069C5}.Release|Any CPU.ActiveCfg = Release|Any CPU
		{5C292B5C-3254-48D1-B41F-BEFECD8069C5}.Release|Any CPU.Build.0 = Release|Any CPU
		{88FE2392-CF63-4BBA-8E3C-CEE0695119F8}.Debug|Any CPU.ActiveCfg = Debug|Any CPU
		{88FE2392-CF63-4BBA-8E3C-CEE0695119F8}.Debug|Any CPU.Build.0 = Debug|Any CPU
		{88FE2392-CF63-4BBA-8E3C-CEE0695119F8}.Release|Any CPU.ActiveCfg = Release|Any CPU
		{88FE2392-CF63-4BBA-8E3C-CEE0695119F8}.Release|Any CPU.Build.0 = Release|Any CPU
		{08F9CD25-41D6-4566-9D93-B719AA792507}.Debug|Any CPU.ActiveCfg = Debug|Any CPU
		{08F9CD25-41D6-4566-9D93-B719AA792507}.Debug|Any CPU.Build.0 = Debug|Any CPU
		{08F9CD25-41D6-4566-9D93-B719AA792507}.Release|Any CPU.ActiveCfg = Release|Any CPU
		{08F9CD25-41D6-4566-9D93-B719AA792507}.Release|Any CPU.Build.0 = Release|Any CPU
		{F05CF9BB-94C2-82BA-2CBD-A1B5DE609B2D}.Debug|Any CPU.ActiveCfg = Debug|Any CPU
		{F05CF9BB-94C2-82BA-2CBD-A1B5DE609B2D}.Debug|Any CPU.Build.0 = Debug|Any CPU
		{F05CF9BB-94C2-82BA-2CBD-A1B5DE609B2D}.Release|Any CPU.ActiveCfg = Release|Any CPU
		{F05CF9BB-94C2-82BA-2CBD-A1B5DE609B2D}.Release|Any CPU.Build.0 = Release|Any CPU
		{6D81B4DA-FA81-4B71-8EC4-2D057D0F399C}.Debug|Any CPU.ActiveCfg = Debug|Any CPU
		{6D81B4DA-FA81-4B71-8EC4-2D057D0F399C}.Debug|Any CPU.Build.0 = Debug|Any CPU
		{6D81B4DA-FA81-4B71-8EC4-2D057D0F399C}.Release|Any CPU.ActiveCfg = Release|Any CPU
		{6D81B4DA-FA81-4B71-8EC4-2D057D0F399C}.Release|Any CPU.Build.0 = Release|Any CPU
	EndGlobalSection
	GlobalSection(SolutionProperties) = preSolution
		HideSolutionNode = FALSE
	EndGlobalSection
	GlobalSection(NestedProjects) = preSolution
		{DD7FF6B2-2E84-4A47-A709-14C0224E23CD} = {5D780757-96DF-4C56-9A53-671B51F77FE2}
		{5C292B5C-3254-48D1-B41F-BEFECD8069C5} = {68B64630-7B30-4622-97BB-0B63F0D2215F}
		{88FE2392-CF63-4BBA-8E3C-CEE0695119F8} = {5D780757-96DF-4C56-9A53-671B51F77FE2}
		{08F9CD25-41D6-4566-9D93-B719AA792507} = {30053DB0-7F2E-49DF-A49E-A8F1CE3895D1}
		{F05CF9BB-94C2-82BA-2CBD-A1B5DE609B2D} = {5D780757-96DF-4C56-9A53-671B51F77FE2}
		{6D81B4DA-FA81-4B71-8EC4-2D057D0F399C} = {5D780757-96DF-4C56-9A53-671B51F77FE2}
	EndGlobalSection
	GlobalSection(ExtensibilityGlobals) = postSolution
		SolutionGuid = {6B5B0FB8-AE1E-4F6E-9925-1E4DEBAAE43F}
	EndGlobalSection
EndGlobal
